// !$*UTF8*$!
{
	archiveVersion = 1;
	classes = {
	};
	objectVersion = 56;
	objects = {

/* Begin PBXBuildFile section */
		C325ADE72CA6D53A00021308 /* AppDelegate.swift in Sources */ = {isa = PBXBuildFile; fileRef = C325ADE62CA6D53A00021308 /* AppDelegate.swift */; };
		C325ADE92CA6D53A00021308 /* SceneDelegate.swift in Sources */ = {isa = PBXBuildFile; fileRef = C325ADE82CA6D53A00021308 /* SceneDelegate.swift */; };
		C325ADEB2CA6D53A00021308 /* UpComingViewController.swift in Sources */ = {isa = PBXBuildFile; fileRef = C325ADEA2CA6D53A00021308 /* UpComingViewController.swift */; };
		C325ADEE2CA6D53A00021308 /* Main.storyboard in Resources */ = {isa = PBXBuildFile; fileRef = C325ADEC2CA6D53A00021308 /* Main.storyboard */; };
		C325ADF02CA6D53C00021308 /* Assets.xcassets in Resources */ = {isa = PBXBuildFile; fileRef = C325ADEF2CA6D53C00021308 /* Assets.xcassets */; };
		C325ADF32CA6D53C00021308 /* LaunchScreen.storyboard in Resources */ = {isa = PBXBuildFile; fileRef = C325ADF12CA6D53C00021308 /* LaunchScreen.storyboard */; };
		C325ADFD2CA748CC00021308 /* NowPlayingViewController.swift in Sources */ = {isa = PBXBuildFile; fileRef = C325ADFC2CA748CB00021308 /* NowPlayingViewController.swift */; };
		C32C0EC62CA7527900D141B5 /* NowPlayingUseCase.swift in Sources */ = {isa = PBXBuildFile; fileRef = C32C0EC52CA7527900D141B5 /* NowPlayingUseCase.swift */; };
		C32C0ECB2CA76BC400D141B5 /* NowPlayingViewModel.swift in Sources */ = {isa = PBXBuildFile; fileRef = C32C0ECA2CA76BC400D141B5 /* NowPlayingViewModel.swift */; };
		C32C0ED02CA7843100D141B5 /* Request.swift in Sources */ = {isa = PBXBuildFile; fileRef = C32C0ECF2CA7843100D141B5 /* Request.swift */; };
		C32C0ED32CA78C2D00D141B5 /* UIImageExtentions.swift in Sources */ = {isa = PBXBuildFile; fileRef = C32C0ED22CA78C2D00D141B5 /* UIImageExtentions.swift */; };
		C33621E82CA84A2E00E18296 /* PopularViewController.swift in Sources */ = {isa = PBXBuildFile; fileRef = C33621E72CA84A2E00E18296 /* PopularViewController.swift */; };
		C33621ED2CA84B5700E18296 /* PopularViewModel.swift in Sources */ = {isa = PBXBuildFile; fileRef = C33621EC2CA84B5600E18296 /* PopularViewModel.swift */; };
		C33621F72CA87AA700E18296 /* MovieModel.swift in Sources */ = {isa = PBXBuildFile; fileRef = C33621F62CA87AA700E18296 /* MovieModel.swift */; };
		C33621F92CA8867300E18296 /* UpComingViewModel.swift in Sources */ = {isa = PBXBuildFile; fileRef = C33621F82CA8867300E18296 /* UpComingViewModel.swift */; };
		C33621FB2CA8875300E18296 /* UpComingUseCase.swift in Sources */ = {isa = PBXBuildFile; fileRef = C33621FA2CA8875300E18296 /* UpComingUseCase.swift */; };
		C33622012CA8AB5900E18296 /* PopularUseCase.swift in Sources */ = {isa = PBXBuildFile; fileRef = C33622002CA8AB5900E18296 /* PopularUseCase.swift */; };
		C33622032CA8AF2B00E18296 /* NowPlaying+TableDelegate.swift in Sources */ = {isa = PBXBuildFile; fileRef = C33622022CA8AF2B00E18296 /* NowPlaying+TableDelegate.swift */; };
		C33622062CA8B10D00E18296 /* MovieTableViewCell.swift in Sources */ = {isa = PBXBuildFile; fileRef = C33622042CA8B10D00E18296 /* MovieTableViewCell.swift */; };
		C33622072CA8B10D00E18296 /* MovieTableViewCell.xib in Resources */ = {isa = PBXBuildFile; fileRef = C33622052CA8B10D00E18296 /* MovieTableViewCell.xib */; };
		C33622092CA90CF200E18296 /* Popular+TableDelegate.swift in Sources */ = {isa = PBXBuildFile; fileRef = C33622082CA90CF200E18296 /* Popular+TableDelegate.swift */; };
		C336220B2CA90D6400E18296 /* UpComing+TableDelegate.swift in Sources */ = {isa = PBXBuildFile; fileRef = C336220A2CA90D6400E18296 /* UpComing+TableDelegate.swift */; };
/* End PBXBuildFile section */

/* Begin PBXFileReference section */
		C325ADE32CA6D53A00021308 /* banquemisr.challenge05.Movies_App.app */ = {isa = PBXFileReference; explicitFileType = wrapper.application; includeInIndex = 0; path = banquemisr.challenge05.Movies_App.app; sourceTree = BUILT_PRODUCTS_DIR; };
		C325ADE62CA6D53A00021308 /* AppDelegate.swift */ = {isa = PBXFileReference; lastKnownFileType = sourcecode.swift; path = AppDelegate.swift; sourceTree = "<group>"; };
		C325ADE82CA6D53A00021308 /* SceneDelegate.swift */ = {isa = PBXFileReference; lastKnownFileType = sourcecode.swift; path = SceneDelegate.swift; sourceTree = "<group>"; };
		C325ADEA2CA6D53A00021308 /* UpComingViewController.swift */ = {isa = PBXFileReference; lastKnownFileType = sourcecode.swift; path = UpComingViewController.swift; sourceTree = "<group>"; };
		C325ADED2CA6D53A00021308 /* Base */ = {isa = PBXFileReference; lastKnownFileType = file.storyboard; name = Base; path = Base.lproj/Main.storyboard; sourceTree = "<group>"; };
		C325ADEF2CA6D53C00021308 /* Assets.xcassets */ = {isa = PBXFileReference; lastKnownFileType = folder.assetcatalog; path = Assets.xcassets; sourceTree = "<group>"; };
		C325ADF22CA6D53C00021308 /* Base */ = {isa = PBXFileReference; lastKnownFileType = file.storyboard; name = Base; path = Base.lproj/LaunchScreen.storyboard; sourceTree = "<group>"; };
		C325ADF42CA6D53C00021308 /* Info.plist */ = {isa = PBXFileReference; lastKnownFileType = text.plist.xml; path = Info.plist; sourceTree = "<group>"; };
		C325ADFC2CA748CB00021308 /* NowPlayingViewController.swift */ = {isa = PBXFileReference; lastKnownFileType = sourcecode.swift; path = NowPlayingViewController.swift; sourceTree = "<group>"; };
		C32C0EC52CA7527900D141B5 /* NowPlayingUseCase.swift */ = {isa = PBXFileReference; lastKnownFileType = sourcecode.swift; path = NowPlayingUseCase.swift; sourceTree = "<group>"; };
		C32C0ECA2CA76BC400D141B5 /* NowPlayingViewModel.swift */ = {isa = PBXFileReference; lastKnownFileType = sourcecode.swift; path = NowPlayingViewModel.swift; sourceTree = "<group>"; };
		C32C0ECF2CA7843100D141B5 /* Request.swift */ = {isa = PBXFileReference; lastKnownFileType = sourcecode.swift; path = Request.swift; sourceTree = "<group>"; };
		C32C0ED22CA78C2D00D141B5 /* UIImageExtentions.swift */ = {isa = PBXFileReference; lastKnownFileType = sourcecode.swift; path = UIImageExtentions.swift; sourceTree = "<group>"; };
		C33621E72CA84A2E00E18296 /* PopularViewController.swift */ = {isa = PBXFileReference; lastKnownFileType = sourcecode.swift; path = PopularViewController.swift; sourceTree = "<group>"; };
		C33621EC2CA84B5600E18296 /* PopularViewModel.swift */ = {isa = PBXFileReference; lastKnownFileType = sourcecode.swift; path = PopularViewModel.swift; sourceTree = "<group>"; };
		C33621F62CA87AA700E18296 /* MovieModel.swift */ = {isa = PBXFileReference; lastKnownFileType = sourcecode.swift; path = MovieModel.swift; sourceTree = "<group>"; };
		C33621F82CA8867300E18296 /* UpComingViewModel.swift */ = {isa = PBXFileReference; lastKnownFileType = sourcecode.swift; path = UpComingViewModel.swift; sourceTree = "<group>"; };
		C33621FA2CA8875300E18296 /* UpComingUseCase.swift */ = {isa = PBXFileReference; lastKnownFileType = sourcecode.swift; path = UpComingUseCase.swift; sourceTree = "<group>"; };
		C33622002CA8AB5900E18296 /* PopularUseCase.swift */ = {isa = PBXFileReference; lastKnownFileType = sourcecode.swift; path = PopularUseCase.swift; sourceTree = "<group>"; };
		C33622022CA8AF2B00E18296 /* NowPlaying+TableDelegate.swift */ = {isa = PBXFileReference; lastKnownFileType = sourcecode.swift; path = "NowPlaying+TableDelegate.swift"; sourceTree = "<group>"; };
		C33622042CA8B10D00E18296 /* MovieTableViewCell.swift */ = {isa = PBXFileReference; lastKnownFileType = sourcecode.swift; path = MovieTableViewCell.swift; sourceTree = "<group>"; };
		C33622052CA8B10D00E18296 /* MovieTableViewCell.xib */ = {isa = PBXFileReference; lastKnownFileType = file.xib; path = MovieTableViewCell.xib; sourceTree = "<group>"; };
		C33622082CA90CF200E18296 /* Popular+TableDelegate.swift */ = {isa = PBXFileReference; lastKnownFileType = sourcecode.swift; path = "Popular+TableDelegate.swift"; sourceTree = "<group>"; };
		C336220A2CA90D6400E18296 /* UpComing+TableDelegate.swift */ = {isa = PBXFileReference; lastKnownFileType = sourcecode.swift; path = "UpComing+TableDelegate.swift"; sourceTree = "<group>"; };
/* End PBXFileReference section */

/* Begin PBXFrameworksBuildPhase section */
		C325ADE02CA6D53A00021308 /* Frameworks */ = {
			isa = PBXFrameworksBuildPhase;
			buildActionMask = 2147483647;
			files = (
			);
			runOnlyForDeploymentPostprocessing = 0;
		};
/* End PBXFrameworksBuildPhase section */

/* Begin PBXGroup section */
		C325ADDA2CA6D53A00021308 = {
			isa = PBXGroup;
			children = (
				C325ADE52CA6D53A00021308 /* banquemisr.challenge05.Movies_App */,
				C325ADE42CA6D53A00021308 /* Products */,
			);
			sourceTree = "<group>";
		};
		C325ADE42CA6D53A00021308 /* Products */ = {
			isa = PBXGroup;
			children = (
				C325ADE32CA6D53A00021308 /* banquemisr.challenge05.Movies_App.app */,
			);
			name = Products;
			sourceTree = "<group>";
		};
		C325ADE52CA6D53A00021308 /* banquemisr.challenge05.Movies_App */ = {
			isa = PBXGroup;
			children = (
				C32C0EC22CA7522500D141B5 /* Services */,
				C33621FF2CA8AAF000E18296 /* UseCaseLayer */,
				C32C0ED12CA78C0500D141B5 /* Helpers */,
				C33621E12CA83A9F00E18296 /* View */,
				C336220C2CA91CCF00E18296 /* Models */,
				C325ADFA2CA747FE00021308 /* Moduels */,
				C33621E02CA83A8000E18296 /* Core */,
				C325ADF42CA6D53C00021308 /* Info.plist */,
			);
			path = banquemisr.challenge05.Movies_App;
			sourceTree = "<group>";
		};
		C325ADFA2CA747FE00021308 /* Moduels */ = {
			isa = PBXGroup;
			children = (
				C33621F22CA87A2800E18296 /* UpComing */,
				C33621E22CA8480500E18296 /* Popular */,
				C325ADFB2CA7481200021308 /* NowPlaying */,
			);
			path = Moduels;
			sourceTree = "<group>";
		};
		C325ADFB2CA7481200021308 /* NowPlaying */ = {
			isa = PBXGroup;
			children = (
				C325ADFE2CA748D200021308 /* View */,
				C325ADFF2CA748E700021308 /* ViewModel */,
			);
			path = NowPlaying;
			sourceTree = "<group>";
		};
		C325ADFE2CA748D200021308 /* View */ = {
			isa = PBXGroup;
			children = (
				C325ADFC2CA748CB00021308 /* NowPlayingViewController.swift */,
				C33622022CA8AF2B00E18296 /* NowPlaying+TableDelegate.swift */,
			);
			path = View;
			sourceTree = "<group>";
		};
		C325ADFF2CA748E700021308 /* ViewModel */ = {
			isa = PBXGroup;
			children = (
				C32C0ECA2CA76BC400D141B5 /* NowPlayingViewModel.swift */,
			);
			path = ViewModel;
			sourceTree = "<group>";
		};
		C32C0EC22CA7522500D141B5 /* Services */ = {
			isa = PBXGroup;
			children = (
				C32C0EC42CA7524300D141B5 /* Remote */,
				C32C0EC32CA7523300D141B5 /* Local */,
			);
			path = Services;
			sourceTree = "<group>";
		};
		C32C0EC32CA7523300D141B5 /* Local */ = {
			isa = PBXGroup;
			children = (
			);
			path = Local;
			sourceTree = "<group>";
		};
		C32C0EC42CA7524300D141B5 /* Remote */ = {
			isa = PBXGroup;
			children = (
				C32C0ECF2CA7843100D141B5 /* Request.swift */,
			);
			path = Remote;
			sourceTree = "<group>";
		};
		C32C0ED12CA78C0500D141B5 /* Helpers */ = {
			isa = PBXGroup;
			children = (
				C32C0ED22CA78C2D00D141B5 /* UIImageExtentions.swift */,
			);
			path = Helpers;
			sourceTree = "<group>";
		};
		C33621E02CA83A8000E18296 /* Core */ = {
			isa = PBXGroup;
			children = (
				C325ADE82CA6D53A00021308 /* SceneDelegate.swift */,
				C325ADE62CA6D53A00021308 /* AppDelegate.swift */,
				C325ADEF2CA6D53C00021308 /* Assets.xcassets */,
			);
			path = Core;
			sourceTree = "<group>";
		};
		C33621E12CA83A9F00E18296 /* View */ = {
			isa = PBXGroup;
			children = (
				C325ADEC2CA6D53A00021308 /* Main.storyboard */,
				C325ADF12CA6D53C00021308 /* LaunchScreen.storyboard */,
			);
			path = View;
			sourceTree = "<group>";
		};
		C33621E22CA8480500E18296 /* Popular */ = {
			isa = PBXGroup;
			children = (
				C33621E52CA8483900E18296 /* View */,
				C33621E62CA8484300E18296 /* ViewModel */,
			);
			path = Popular;
			sourceTree = "<group>";
		};
		C33621E52CA8483900E18296 /* View */ = {
			isa = PBXGroup;
			children = (
				C33621E72CA84A2E00E18296 /* PopularViewController.swift */,
				C33622082CA90CF200E18296 /* Popular+TableDelegate.swift */,
			);
			path = View;
			sourceTree = "<group>";
		};
		C33621E62CA8484300E18296 /* ViewModel */ = {
			isa = PBXGroup;
			children = (
				C33621EC2CA84B5600E18296 /* PopularViewModel.swift */,
			);
			path = ViewModel;
			sourceTree = "<group>";
		};
		C33621F22CA87A2800E18296 /* UpComing */ = {
			isa = PBXGroup;
			children = (
				C33621F42CA87A4F00E18296 /* View */,
				C33621F32CA87A4200E18296 /* ViewMoel */,
			);
			path = UpComing;
			sourceTree = "<group>";
		};
		C33621F32CA87A4200E18296 /* ViewMoel */ = {
			isa = PBXGroup;
			children = (
				C33621F82CA8867300E18296 /* UpComingViewModel.swift */,
			);
			path = ViewMoel;
			sourceTree = "<group>";
		};
		C33621F42CA87A4F00E18296 /* View */ = {
			isa = PBXGroup;
			children = (
				C33621FC2CA8941100E18296 /* cells */,
				C325ADEA2CA6D53A00021308 /* UpComingViewController.swift */,
				C336220A2CA90D6400E18296 /* UpComing+TableDelegate.swift */,
			);
			path = View;
			sourceTree = "<group>";
		};
		C33621FC2CA8941100E18296 /* cells */ = {
			isa = PBXGroup;
			children = (
				C33622042CA8B10D00E18296 /* MovieTableViewCell.swift */,
				C33622052CA8B10D00E18296 /* MovieTableViewCell.xib */,
			);
			path = cells;
			sourceTree = "<group>";
		};
		C33621FF2CA8AAF000E18296 /* UseCaseLayer */ = {
			isa = PBXGroup;
			children = (
				C33621FA2CA8875300E18296 /* UpComingUseCase.swift */,
				C32C0EC52CA7527900D141B5 /* NowPlayingUseCase.swift */,
				C33622002CA8AB5900E18296 /* PopularUseCase.swift */,
			);
			path = UseCaseLayer;
			sourceTree = "<group>";
		};
		C336220C2CA91CCF00E18296 /* Models */ = {
			isa = PBXGroup;
			children = (
				C33621F62CA87AA700E18296 /* MovieModel.swift */,
			);
			path = Models;
			sourceTree = "<group>";
		};
/* End PBXGroup section */

/* Begin PBXNativeTarget section */
		C325ADE22CA6D53A00021308 /* banquemisr.challenge05.Movies_App */ = {
			isa = PBXNativeTarget;
			buildConfigurationList = C325ADF72CA6D53C00021308 /* Build configuration list for PBXNativeTarget "banquemisr.challenge05.Movies_App" */;
			buildPhases = (
				C325ADDF2CA6D53A00021308 /* Sources */,
				C325ADE02CA6D53A00021308 /* Frameworks */,
				C325ADE12CA6D53A00021308 /* Resources */,
			);
			buildRules = (
			);
			dependencies = (
			);
			name = banquemisr.challenge05.Movies_App;
			productName = banquemisr.challenge05.Movies_App;
			productReference = C325ADE32CA6D53A00021308 /* banquemisr.challenge05.Movies_App.app */;
			productType = "com.apple.product-type.application";
		};
/* End PBXNativeTarget section */

/* Begin PBXProject section */
		C325ADDB2CA6D53A00021308 /* Project object */ = {
			isa = PBXProject;
			attributes = {
				BuildIndependentTargetsInParallel = 1;
				LastSwiftUpdateCheck = 1420;
				LastUpgradeCheck = 1420;
				TargetAttributes = {
					C325ADE22CA6D53A00021308 = {
						CreatedOnToolsVersion = 14.2;
					};
				};
			};
			buildConfigurationList = C325ADDE2CA6D53A00021308 /* Build configuration list for PBXProject "banquemisr.challenge05.Movies_App" */;
			compatibilityVersion = "Xcode 14.0";
			developmentRegion = en;
			hasScannedForEncodings = 0;
			knownRegions = (
				en,
				Base,
			);
			mainGroup = C325ADDA2CA6D53A00021308;
			productRefGroup = C325ADE42CA6D53A00021308 /* Products */;
			projectDirPath = "";
			projectRoot = "";
			targets = (
				C325ADE22CA6D53A00021308 /* banquemisr.challenge05.Movies_App */,
			);
		};
/* End PBXProject section */

/* Begin PBXResourcesBuildPhase section */
		C325ADE12CA6D53A00021308 /* Resources */ = {
			isa = PBXResourcesBuildPhase;
			buildActionMask = 2147483647;
			files = (
				C325ADF32CA6D53C00021308 /* LaunchScreen.storyboard in Resources */,
				C325ADF02CA6D53C00021308 /* Assets.xcassets in Resources */,
				C33622072CA8B10D00E18296 /* MovieTableViewCell.xib in Resources */,
				C325ADEE2CA6D53A00021308 /* Main.storyboard in Resources */,
			);
			runOnlyForDeploymentPostprocessing = 0;
		};
/* End PBXResourcesBuildPhase section */

/* Begin PBXSourcesBuildPhase section */
		C325ADDF2CA6D53A00021308 /* Sources */ = {
			isa = PBXSourcesBuildPhase;
			buildActionMask = 2147483647;
			files = (
				C33621F92CA8867300E18296 /* UpComingViewModel.swift in Sources */,
				C33622062CA8B10D00E18296 /* MovieTableViewCell.swift in Sources */,
				C33621F72CA87AA700E18296 /* MovieModel.swift in Sources */,
				C33622032CA8AF2B00E18296 /* NowPlaying+TableDelegate.swift in Sources */,
				C325ADFD2CA748CC00021308 /* NowPlayingViewController.swift in Sources */,
				C325ADEB2CA6D53A00021308 /* UpComingViewController.swift in Sources */,
				C32C0ED32CA78C2D00D141B5 /* UIImageExtentions.swift in Sources */,
				C325ADE72CA6D53A00021308 /* AppDelegate.swift in Sources */,
				C33622012CA8AB5900E18296 /* PopularUseCase.swift in Sources */,
				C325ADE92CA6D53A00021308 /* SceneDelegate.swift in Sources */,
				C32C0ECB2CA76BC400D141B5 /* NowPlayingViewModel.swift in Sources */,
				C33622092CA90CF200E18296 /* Popular+TableDelegate.swift in Sources */,
				C32C0EC62CA7527900D141B5 /* NowPlayingUseCase.swift in Sources */,
				C33621E82CA84A2E00E18296 /* PopularViewController.swift in Sources */,
				C336220B2CA90D6400E18296 /* UpComing+TableDelegate.swift in Sources */,
				C32C0ED02CA7843100D141B5 /* Request.swift in Sources */,
				C33621ED2CA84B5700E18296 /* PopularViewModel.swift in Sources */,
				C33621FB2CA8875300E18296 /* UpComingUseCase.swift in Sources */,
			);
			runOnlyForDeploymentPostprocessing = 0;
		};
/* End PBXSourcesBuildPhase section */

/* Begin PBXVariantGroup section */
		C325ADEC2CA6D53A00021308 /* Main.storyboard */ = {
			isa = PBXVariantGroup;
			children = (
				C325ADED2CA6D53A00021308 /* Base */,
			);
			name = Main.storyboard;
			sourceTree = "<group>";
		};
		C325ADF12CA6D53C00021308 /* LaunchScreen.storyboard */ = {
			isa = PBXVariantGroup;
			children = (
				C325ADF22CA6D53C00021308 /* Base */,
			);
			name = LaunchScreen.storyboard;
			sourceTree = "<group>";
		};
/* End PBXVariantGroup section */

/* Begin XCBuildConfiguration section */
		C325ADF52CA6D53C00021308 /* Debug */ = {
			isa = XCBuildConfiguration;
			buildSettings = {
				ALWAYS_SEARCH_USER_PATHS = NO;
				CLANG_ANALYZER_NONNULL = YES;
				CLANG_ANALYZER_NUMBER_OBJECT_CONVERSION = YES_AGGRESSIVE;
				CLANG_CXX_LANGUAGE_STANDARD = "gnu++20";
				CLANG_ENABLE_MODULES = YES;
				CLANG_ENABLE_OBJC_ARC = YES;
				CLANG_ENABLE_OBJC_WEAK = YES;
				CLANG_WARN_BLOCK_CAPTURE_AUTORELEASING = YES;
				CLANG_WARN_BOOL_CONVERSION = YES;
				CLANG_WARN_COMMA = YES;
				CLANG_WARN_CONSTANT_CONVERSION = YES;
				CLANG_WARN_DEPRECATED_OBJC_IMPLEMENTATIONS = YES;
				CLANG_WARN_DIRECT_OBJC_ISA_USAGE = YES_ERROR;
				CLANG_WARN_DOCUMENTATION_COMMENTS = YES;
				CLANG_WARN_EMPTY_BODY = YES;
				CLANG_WARN_ENUM_CONVERSION = YES;
				CLANG_WARN_INFINITE_RECURSION = YES;
				CLANG_WARN_INT_CONVERSION = YES;
				CLANG_WARN_NON_LITERAL_NULL_CONVERSION = YES;
				CLANG_WARN_OBJC_IMPLICIT_RETAIN_SELF = YES;
				CLANG_WARN_OBJC_LITERAL_CONVERSION = YES;
				CLANG_WARN_OBJC_ROOT_CLASS = YES_ERROR;
				CLANG_WARN_QUOTED_INCLUDE_IN_FRAMEWORK_HEADER = YES;
				CLANG_WARN_RANGE_LOOP_ANALYSIS = YES;
				CLANG_WARN_STRICT_PROTOTYPES = YES;
				CLANG_WARN_SUSPICIOUS_MOVE = YES;
				CLANG_WARN_UNGUARDED_AVAILABILITY = YES_AGGRESSIVE;
				CLANG_WARN_UNREACHABLE_CODE = YES;
				CLANG_WARN__DUPLICATE_METHOD_MATCH = YES;
				COPY_PHASE_STRIP = NO;
				DEBUG_INFORMATION_FORMAT = dwarf;
				ENABLE_STRICT_OBJC_MSGSEND = YES;
				ENABLE_TESTABILITY = YES;
				GCC_C_LANGUAGE_STANDARD = gnu11;
				GCC_DYNAMIC_NO_PIC = NO;
				GCC_NO_COMMON_BLOCKS = YES;
				GCC_OPTIMIZATION_LEVEL = 0;
				GCC_PREPROCESSOR_DEFINITIONS = (
					"DEBUG=1",
					"$(inherited)",
				);
				GCC_WARN_64_TO_32_BIT_CONVERSION = YES;
				GCC_WARN_ABOUT_RETURN_TYPE = YES_ERROR;
				GCC_WARN_UNDECLARED_SELECTOR = YES;
				GCC_WARN_UNINITIALIZED_AUTOS = YES_AGGRESSIVE;
				GCC_WARN_UNUSED_FUNCTION = YES;
				GCC_WARN_UNUSED_VARIABLE = YES;
				IPHONEOS_DEPLOYMENT_TARGET = 16.2;
				MTL_ENABLE_DEBUG_INFO = INCLUDE_SOURCE;
				MTL_FAST_MATH = YES;
				ONLY_ACTIVE_ARCH = YES;
				SDKROOT = iphoneos;
				SWIFT_ACTIVE_COMPILATION_CONDITIONS = DEBUG;
				SWIFT_OPTIMIZATION_LEVEL = "-Onone";
			};
			name = Debug;
		};
		C325ADF62CA6D53C00021308 /* Release */ = {
			isa = XCBuildConfiguration;
			buildSettings = {
				ALWAYS_SEARCH_USER_PATHS = NO;
				CLANG_ANALYZER_NONNULL = YES;
				CLANG_ANALYZER_NUMBER_OBJECT_CONVERSION = YES_AGGRESSIVE;
				CLANG_CXX_LANGUAGE_STANDARD = "gnu++20";
				CLANG_ENABLE_MODULES = YES;
				CLANG_ENABLE_OBJC_ARC = YES;
				CLANG_ENABLE_OBJC_WEAK = YES;
				CLANG_WARN_BLOCK_CAPTURE_AUTORELEASING = YES;
				CLANG_WARN_BOOL_CONVERSION = YES;
				CLANG_WARN_COMMA = YES;
				CLANG_WARN_CONSTANT_CONVERSION = YES;
				CLANG_WARN_DEPRECATED_OBJC_IMPLEMENTATIONS = YES;
				CLANG_WARN_DIRECT_OBJC_ISA_USAGE = YES_ERROR;
				CLANG_WARN_DOCUMENTATION_COMMENTS = YES;
				CLANG_WARN_EMPTY_BODY = YES;
				CLANG_WARN_ENUM_CONVERSION = YES;
				CLANG_WARN_INFINITE_RECURSION = YES;
				CLANG_WARN_INT_CONVERSION = YES;
				CLANG_WARN_NON_LITERAL_NULL_CONVERSION = YES;
				CLANG_WARN_OBJC_IMPLICIT_RETAIN_SELF = YES;
				CLANG_WARN_OBJC_LITERAL_CONVERSION = YES;
				CLANG_WARN_OBJC_ROOT_CLASS = YES_ERROR;
				CLANG_WARN_QUOTED_INCLUDE_IN_FRAMEWORK_HEADER = YES;
				CLANG_WARN_RANGE_LOOP_ANALYSIS = YES;
				CLANG_WARN_STRICT_PROTOTYPES = YES;
				CLANG_WARN_SUSPICIOUS_MOVE = YES;
				CLANG_WARN_UNGUARDED_AVAILABILITY = YES_AGGRESSIVE;
				CLANG_WARN_UNREACHABLE_CODE = YES;
				CLANG_WARN__DUPLICATE_METHOD_MATCH = YES;
				COPY_PHASE_STRIP = NO;
				DEBUG_INFORMATION_FORMAT = "dwarf-with-dsym";
				ENABLE_NS_ASSERTIONS = NO;
				ENABLE_STRICT_OBJC_MSGSEND = YES;
				GCC_C_LANGUAGE_STANDARD = gnu11;
				GCC_NO_COMMON_BLOCKS = YES;
				GCC_WARN_64_TO_32_BIT_CONVERSION = YES;
				GCC_WARN_ABOUT_RETURN_TYPE = YES_ERROR;
				GCC_WARN_UNDECLARED_SELECTOR = YES;
				GCC_WARN_UNINITIALIZED_AUTOS = YES_AGGRESSIVE;
				GCC_WARN_UNUSED_FUNCTION = YES;
				GCC_WARN_UNUSED_VARIABLE = YES;
				IPHONEOS_DEPLOYMENT_TARGET = 16.2;
				MTL_ENABLE_DEBUG_INFO = NO;
				MTL_FAST_MATH = YES;
				SDKROOT = iphoneos;
				SWIFT_COMPILATION_MODE = wholemodule;
				SWIFT_OPTIMIZATION_LEVEL = "-O";
				VALIDATE_PRODUCT = YES;
			};
			name = Release;
		};
		C325ADF82CA6D53C00021308 /* Debug */ = {
			isa = XCBuildConfiguration;
			buildSettings = {
				ASSETCATALOG_COMPILER_APPICON_NAME = AppIcon;
				ASSETCATALOG_COMPILER_GLOBAL_ACCENT_COLOR_NAME = AccentColor;
				CODE_SIGN_STYLE = Automatic;
				CURRENT_PROJECT_VERSION = 1;
				GENERATE_INFOPLIST_FILE = YES;
				INFOPLIST_FILE = banquemisr.challenge05.Movies_App/Info.plist;
				INFOPLIST_KEY_UIApplicationSupportsIndirectInputEvents = YES;
				INFOPLIST_KEY_UILaunchStoryboardName = LaunchScreen;
				INFOPLIST_KEY_UIMainStoryboardFile = Main;
				INFOPLIST_KEY_UISupportedInterfaceOrientations_iPad = "UIInterfaceOrientationPortrait UIInterfaceOrientationPortraitUpsideDown UIInterfaceOrientationLandscapeLeft UIInterfaceOrientationLandscapeRight";
				INFOPLIST_KEY_UISupportedInterfaceOrientations_iPhone = "UIInterfaceOrientationPortrait UIInterfaceOrientationLandscapeLeft UIInterfaceOrientationLandscapeRight";
				LD_RUNPATH_SEARCH_PATHS = (
					"$(inherited)",
					"@executable_path/Frameworks",
				);
				MARKETING_VERSION = 1.0;
				PRODUCT_BUNDLE_IDENTIFIER = "iTi.banquemisr-challenge05-Movies-App";
				PRODUCT_NAME = "$(TARGET_NAME)";
				SWIFT_EMIT_LOC_STRINGS = YES;
				SWIFT_VERSION = 5.0;
				TARGETED_DEVICE_FAMILY = "1,2";
			};
			name = Debug;
		};
		C325ADF92CA6D53C00021308 /* Release */ = {
			isa = XCBuildConfiguration;
			buildSettings = {
				ASSETCATALOG_COMPILER_APPICON_NAME = AppIcon;
				ASSETCATALOG_COMPILER_GLOBAL_ACCENT_COLOR_NAME = AccentColor;
				CODE_SIGN_STYLE = Automatic;
				CURRENT_PROJECT_VERSION = 1;
				GENERATE_INFOPLIST_FILE = YES;
				INFOPLIST_FILE = banquemisr.challenge05.Movies_App/Info.plist;
				INFOPLIST_KEY_UIApplicationSupportsIndirectInputEvents = YES;
				INFOPLIST_KEY_UILaunchStoryboardName = LaunchScreen;
				INFOPLIST_KEY_UIMainStoryboardFile = Main;
				INFOPLIST_KEY_UISupportedInterfaceOrientations_iPad = "UIInterfaceOrientationPortrait UIInterfaceOrientationPortraitUpsideDown UIInterfaceOrientationLandscapeLeft UIInterfaceOrientationLandscapeRight";
				INFOPLIST_KEY_UISupportedInterfaceOrientations_iPhone = "UIInterfaceOrientationPortrait UIInterfaceOrientationLandscapeLeft UIInterfaceOrientationLandscapeRight";
				LD_RUNPATH_SEARCH_PATHS = (
					"$(inherited)",
					"@executable_path/Frameworks",
				);
				MARKETING_VERSION = 1.0;
				PRODUCT_BUNDLE_IDENTIFIER = "iTi.banquemisr-challenge05-Movies-App";
				PRODUCT_NAME = "$(TARGET_NAME)";
				SWIFT_EMIT_LOC_STRINGS = YES;
				SWIFT_VERSION = 5.0;
				TARGETED_DEVICE_FAMILY = "1,2";
			};
			name = Release;
		};
/* End XCBuildConfiguration section */

/* Begin XCConfigurationList section */
		C325ADDE2CA6D53A00021308 /* Build configuration list for PBXProject "banquemisr.challenge05.Movies_App" */ = {
			isa = XCConfigurationList;
			buildConfigurations = (
				C325ADF52CA6D53C00021308 /* Debug */,
				C325ADF62CA6D53C00021308 /* Release */,
			);
			defaultConfigurationIsVisible = 0;
			defaultConfigurationName = Release;
		};
		C325ADF72CA6D53C00021308 /* Build configuration list for PBXNativeTarget "banquemisr.challenge05.Movies_App" */ = {
			isa = XCConfigurationList;
			buildConfigurations = (
				C325ADF82CA6D53C00021308 /* Debug */,
				C325ADF92CA6D53C00021308 /* Release */,
			);
			defaultConfigurationIsVisible = 0;
			defaultConfigurationName = Release;
		};
/* End XCConfigurationList section */
	};
	rootObject = C325ADDB2CA6D53A00021308 /* Project object */;
}
